{
  "version": 4,
  "terraform_version": "1.13.1",
  "serial": 8,
  "lineage": "c0473a4e-5984-2184-123b-161a89f2f2a2",
  "outputs": {
    "kubernetes_cluster_endpoint": {
      "value": "34.55.248.162",
      "type": "string"
    },
    "kubernetes_cluster_name": {
      "value": "flask-cluster",
      "type": "string"
    }
  },
  "resources": [
    {
      "mode": "data",
      "type": "google_client_config",
      "name": "default",
      "provider": "provider[\"registry.terraform.io/hashicorp/google\"]",
      "instances": [
        {
          "schema_version": 0,
          "attributes": {
            "access_token": "ya29.c.c0ASRK0GYOLDxp3CVSqX5Tcy0m6uvOvMWoESwApkq582Zd2FezhW6FId5gAJ_aw-MFi8SpwkOQLrXB_0QwMSw1s_UKZP02729UcP5C-dc1JY7tI2SC1ND-UaJBnZ4qPU6UQWndGU0HpkUCE3shND7HIdkWrsXCiJSKPcW4Hyk2vtbgz1ETjdWqjqkp7a8qLjPXYDI5YsWyhlaGArPoGJrospp0RcHoJxx5f6RK9f4t9OSug8_6sooH9898oifpdKCpV4iN3argrZpDuSjk6CD62vP843MujP5rISQy8EfanQ8H108gkAKtqtYntqSymnk8EzZXdrDil0Lun0EW_YaF1BVD3ffWEFZEst6bGfY1D64mKbFPJKxZxexFEQG387KBW2nYFMk4IVmJuZrbcv-1W02Z2UXjtvlgnju_l71yV1aBvFXYM2r2q2wz25me-mpQwc9mJx9yhM4kgXukRJn0IB5crV4YJqJdcIvdWlde5WVMOgVux3j37hWSbOk4vv2FMWyusIbafn9edvnli0wkmuk4ivuqbWRelxwc41qWJbWyxVumnZQhm7pJSurBcno760nI19Qcg5XbIUomWvFwd4huqO8WIgb1_UQdRSw_Vm_UjQq5p5cn9ueI_3p8t7Y3ti5prJ4uWdaF1_XQf3u10qyc1932z-koisbtS1VdZBsRFV3lnxx4Q-41ryzxego_Q0hast02mM9y_kuocBOrIhwa-RYgJxtqrZ5fF_m94vxg_u-1cYJ1Fz5bfQZyvdrkFWpvre254I_sq5l8k3r999sbdrsoyoMtwhUzrjyZpf_pVQ40lhziwlrfljwFy6fmsMQ1YS5F2Uu5y3kBud7fjYj3o2bdctetQuh7avZfeB_suo0Vi1VWuXfJhk57o0beOy9Uh4URlMhXc0aVynUvWc-SwJShc0eqlbffU-Yh0UsVtqBaro_wcqmvFBB_1b14UlsVgaudlzdQUXRdwiyQ1m4XblOi7IJQ6je-i7403mrY0a6aqvdR2b0",
            "default_labels": {},
            "id": "projects/forward-fuze-468106-f4/regions/us-central1/zones/us-central1-a",
            "project": "forward-fuze-468106-f4",
            "region": "us-central1",
            "zone": "us-central1-a"
          },
          "sensitive_attributes": [
            [
              {
                "type": "get_attr",
                "value": "access_token"
              }
            ]
          ],
          "identity_schema_version": 0
        }
      ]
    },
    {
      "mode": "managed",
      "type": "google_container_cluster",
      "name": "flask-cluster",
      "provider": "provider[\"registry.terraform.io/hashicorp/google\"]",
      "instances": [
        {
          "schema_version": 2,
          "attributes": {
            "addons_config": [
              {
                "cloudrun_config": [],
                "config_connector_config": [],
                "dns_cache_config": [],
                "gce_persistent_disk_csi_driver_config": [
                  {
                    "enabled": true
                  }
                ],
                "gcp_filestore_csi_driver_config": [],
                "gcs_fuse_csi_driver_config": [],
                "gke_backup_agent_config": [],
                "horizontal_pod_autoscaling": [],
                "http_load_balancing": [],
                "lustre_csi_driver_config": [],
                "network_policy_config": [
                  {
                    "disabled": true
                  }
                ],
                "parallelstore_csi_driver_config": [],
                "ray_operator_config": [],
                "stateful_ha_config": []
              }
            ],
            "allow_net_admin": null,
            "anonymous_authentication_config": [
              {
                "mode": "ENABLED"
              }
            ],
            "authenticator_groups_config": [],
            "binary_authorization": [
              {
                "enabled": false,
                "evaluation_mode": ""
              }
            ],
            "cluster_autoscaling": [
              {
                "auto_provisioning_defaults": [],
                "auto_provisioning_locations": [],
                "autoscaling_profile": "BALANCED",
                "default_compute_class_enabled": false,
                "enabled": false,
                "resource_limits": []
              }
            ],
            "cluster_ipv4_cidr": "10.112.0.0/14",
            "confidential_nodes": [],
            "control_plane_endpoints_config": [
              {
                "dns_endpoint_config": [
                  {
                    "allow_external_traffic": false,
                    "endpoint": "gke-f257c91fa4694626b4329a1faefb5a602049-1062056922209.us-central1.gke.goog"
                  }
                ],
                "ip_endpoints_config": [
                  {
                    "enabled": true
                  }
                ]
              }
            ],
            "cost_management_config": [],
            "database_encryption": [
              {
                "key_name": "",
                "state": "DECRYPTED"
              }
            ],
            "datapath_provider": "",
            "default_max_pods_per_node": 110,
            "default_snat_status": [
              {
                "disabled": false
              }
            ],
            "deletion_protection": true,
            "description": "",
            "disable_l4_lb_firewall_reconciliation": false,
            "dns_config": [],
            "effective_labels": {
              "goog-terraform-provisioned": "true"
            },
            "enable_autopilot": false,
            "enable_cilium_clusterwide_network_policy": false,
            "enable_fqdn_network_policy": false,
            "enable_intranode_visibility": false,
            "enable_k8s_beta_apis": [],
            "enable_kubernetes_alpha": false,
            "enable_l4_ilb_subsetting": false,
            "enable_legacy_abac": false,
            "enable_multi_networking": false,
            "enable_shielded_nodes": true,
            "enable_tpu": false,
            "endpoint": "34.55.248.162",
            "enterprise_config": [
              {
                "cluster_tier": "STANDARD",
                "desired_tier": ""
              }
            ],
            "fleet": [],
            "gateway_api_config": [],
            "gke_auto_upgrade_config": [],
            "id": "projects/forward-fuze-468106-f4/locations/us-central1/clusters/flask-cluster",
            "identity_service_config": [],
            "in_transit_encryption_config": "",
            "initial_node_count": 1,
            "ip_allocation_policy": [
              {
                "additional_ip_ranges_config": [],
                "additional_pod_ranges_config": [],
                "cluster_ipv4_cidr_block": "10.112.0.0/14",
                "cluster_secondary_range_name": "gke-flask-cluster-pods-f257c91f",
                "pod_cidr_overprovision_config": [
                  {
                    "disabled": false
                  }
                ],
                "services_ipv4_cidr_block": "34.118.224.0/20",
                "services_secondary_range_name": "",
                "stack_type": "IPV4"
              }
            ],
            "label_fingerprint": "78cdf2f6",
            "location": "us-central1",
            "logging_config": [
              {
                "enable_components": [
                  "SYSTEM_COMPONENTS",
                  "WORKLOADS"
                ]
              }
            ],
            "logging_service": "logging.googleapis.com/kubernetes",
            "maintenance_policy": [],
            "master_auth": [
              {
                "client_certificate": "",
                "client_certificate_config": [
                  {
                    "issue_client_certificate": false
                  }
                ],
                "client_key": "",
                "cluster_ca_certificate": "LS0tLS1CRUdJTiBDRVJUSUZJQ0FURS0tLS0tCk1JSUVMVENDQXBXZ0F3SUJBZ0lSQU9BTXNDZDYrU2ppWDJ4alprczdzd3d3RFFZSktvWklodmNOQVFFTEJRQXcKTHpFdE1Dc0dBMVVFQXhNa1pqTTBZakkxWTJNdFlUSmxOQzAwTnpoakxUZzBOMlF0TXpJek9UQXlOekE0TUdVdwpNQ0FYRFRJMU1EZ3lPVEV3TlRrek5Wb1lEekl3TlRVd09ESXlNVEUxT1RNMVdqQXZNUzB3S3dZRFZRUURFeVJtCk16UmlNalZqWXkxaE1tVTBMVFEzT0dNdE9EUTNaQzB6TWpNNU1ESTNNRGd3WlRBd2dnR2lNQTBHQ1NxR1NJYjMKRFFFQkFRVUFBNElCandBd2dnR0tBb0lCZ1FEdnFiRTBrUm1FaGh0NW9LTkJzN0JGMDJuRjNiOXdXbnpieUJCcAoxRlhhVmJWY0w1ZDlaTjVMSDJKYUlBcWx5MUVSUlZJdTY1ekJ0UmJmcFQ1cEtDc1VLY1dldWIySzRDVldyZGFICnBVNDBMaTdEbnZLSWhSeitMa1hudUJsYVpYNUk5dzZHYWIzVFlRbXVOVVpzZW9HSlhkV3FMYTBtTHIwdTNOU3IKUlNPRW5PajY5UWhpSjgreGlPTk41Y0g3MzZ1Rlg4cFJPSis4VWZEUWkwaGxvQTIzRm1idjVSbDZpdzhTU01vTgp4T2VBL2dDUmdaS0NXSGF5OGNXVUNRZWdzZTJ4T2Z1eExRaGEvU3pFTGZJK2ZYNi85c2FHaTVvV2wyZ0hrc3N5Cm5mZGE3ejFva2R6MS9rSmhOdnU2bms3ZHJwNXV0dlQxR0RRSEgxRlFicWpCMjdpMU0yTVRKUGdvWWprc1pqdjUKa2hCckhZK3JiZVJ4ZVhRekEyWEExaHhtMkcwQ2s4Z2tDL0hrWjRZejFJdHo4Qm9uOWxqOG5YOXRoLzFQTWg1YwozZWFTc0ZGMkF4NTJyakhuWjd2aDRZOXBubjJkeWVSRC92enMwbTdlelk3eUh1ZTdIMk5NS0N5K2hEKzVvMGJ2Cm0zT2JQbHY5a2E4ZjN0V3dMb2VXRVQyKzVGc0NBd0VBQWFOQ01FQXdEZ1lEVlIwUEFRSC9CQVFEQWdJRU1BOEcKQTFVZEV3RUIvd1FGTUFNQkFmOHdIUVlEVlIwT0JCWUVGTGdzN2VJdWErOTV1Y0RkeHVReVRRWmtYMUZkTUEwRwpDU3FHU0liM0RRRUJDd1VBQTRJQmdRQk5iOTZ5WFU5aThHUlloa2pma3JzOVZabE1kQjJ3dkdmc3E5dGR2MDNMCmk0YWxpZ1dqelJTNHluc01EYXYyMHVRUllpVkpUWVhnMyt4eEN1N21zUUJWNzlPOEZMRE45alQ2YWpHQVFwS1UKSGk3QlNiZHdGRjBaV2hsbUV1M0RqUExyRDFRNU1SRERnL2pqQVZuVkJ6bm40U2s3aGJMbGhCRHpSc1hpYmpOTQp5dU5SNkNrS2NpTkw0S09lb083RkdMeXJvUXF5MVJmQzB6b3BiS2xFRzlPaGlHS0FCL3dJUzIwMGpNTDdaSkM3ClZuZVpoU01MY3N3U2tTSEtoNG52NDRSeCtpK2UzNmJVS283Qnc4VkNPdDNpSVNaYXQ2UnRJVGErUDMweGE5WHcKV3dMN2JGWWN4UmFEUlpQbWxwc3FSU0syVFFtTDJNUDFaN0Z1bU94cy9CUmRMTkhMMHdOcjJvTnpjTzhqblZsTwp0OGhnVUlPbXVWZ21lTzc2MG5YUlVkSFhxd1V6ekI0a2lKN01FUGVvb0pobXdWL2hLNmc5aUpHYlJxRDIvdWJICjhaZEtFVjlyMjJ2ZXZwdDZpeFVFak1KK0Qxb1JqaGVtaUlwb2M5dzd1bUVIMWZ3aVMzczBqL3RtNll6THgwcGEKNkEzckZIZ0F5c2RxcEprT2loSitiZ0U9Ci0tLS0tRU5EIENFUlRJRklDQVRFLS0tLS0K"
              }
            ],
            "master_authorized_networks_config": [],
            "master_version": "1.33.2-gke.1240000",
            "mesh_certificates": [],
            "min_master_version": null,
            "monitoring_config": [
              {
                "advanced_datapath_observability_config": [
                  {
                    "enable_metrics": false,
                    "enable_relay": false
                  }
                ],
                "enable_components": [
                  "SYSTEM_COMPONENTS",
                  "DEPLOYMENT",
                  "STATEFULSET",
                  "JOBSET",
                  "STORAGE",
                  "HPA",
                  "POD",
                  "DAEMONSET",
                  "CADVISOR",
                  "KUBELET",
                  "DCGM"
                ],
                "managed_prometheus": [
                  {
                    "auto_monitoring_config": [],
                    "enabled": true
                  }
                ]
              }
            ],
            "monitoring_service": "monitoring.googleapis.com/kubernetes",
            "name": "flask-cluster",
            "network": "projects/forward-fuze-468106-f4/global/networks/default",
            "network_performance_config": [],
            "network_policy": [
              {
                "enabled": false,
                "provider": "PROVIDER_UNSPECIFIED"
              }
            ],
            "networking_mode": "VPC_NATIVE",
            "node_config": [
              {
                "advanced_machine_features": [],
                "boot_disk": [
                  {
                    "disk_type": "pd-balanced",
                    "provisioned_iops": 0,
                    "provisioned_throughput": 0,
                    "size_gb": 20
                  }
                ],
                "boot_disk_kms_key": "",
                "confidential_nodes": [],
                "containerd_config": [],
                "disk_size_gb": 20,
                "disk_type": "pd-balanced",
                "effective_taints": [],
                "enable_confidential_storage": false,
                "ephemeral_storage_local_ssd_config": [],
                "fast_socket": [],
                "flex_start": false,
                "gcfs_config": [],
                "guest_accelerator": [],
                "gvnic": [],
                "host_maintenance_policy": [],
                "image_type": "COS_CONTAINERD",
                "kubelet_config": [
                  {
                    "allowed_unsafe_sysctls": [],
                    "container_log_max_files": 0,
                    "container_log_max_size": "",
                    "cpu_cfs_quota": false,
                    "cpu_cfs_quota_period": "",
                    "cpu_manager_policy": "",
                    "eviction_max_pod_grace_period_seconds": 0,
                    "eviction_minimum_reclaim": [],
                    "eviction_soft": [],
                    "eviction_soft_grace_period": [],
                    "image_gc_high_threshold_percent": 0,
                    "image_gc_low_threshold_percent": 0,
                    "image_maximum_gc_age": "",
                    "image_minimum_gc_age": "",
                    "insecure_kubelet_readonly_port_enabled": "FALSE",
                    "max_parallel_image_pulls": 2,
                    "pod_pids_limit": 0,
                    "single_process_oom_kill": false
                  }
                ],
                "labels": {},
                "linux_node_config": [],
                "local_nvme_ssd_block_config": [],
                "local_ssd_count": 0,
                "local_ssd_encryption_mode": "",
                "logging_variant": "DEFAULT",
                "machine_type": "e2-medium",
                "max_run_duration": "",
                "metadata": {
                  "disable-legacy-endpoints": "true"
                },
                "min_cpu_platform": "",
                "node_group": "",
                "oauth_scopes": [
                  "https://www.googleapis.com/auth/devstorage.read_only",
                  "https://www.googleapis.com/auth/logging.write",
                  "https://www.googleapis.com/auth/monitoring",
                  "https://www.googleapis.com/auth/service.management.readonly",
                  "https://www.googleapis.com/auth/servicecontrol",
                  "https://www.googleapis.com/auth/trace.append"
                ],
                "preemptible": false,
                "reservation_affinity": [],
                "resource_labels": {
                  "goog-gke-node-pool-provisioning-model": "on-demand"
                },
                "resource_manager_tags": null,
                "secondary_boot_disks": [],
                "service_account": "default",
                "shielded_instance_config": [
                  {
                    "enable_integrity_monitoring": true,
                    "enable_secure_boot": false
                  }
                ],
                "sole_tenant_config": [],
                "spot": false,
                "storage_pools": null,
                "tags": null,
                "taint": [],
                "windows_node_config": [
                  {
                    "osversion": ""
                  }
                ],
                "workload_metadata_config": []
              }
            ],
            "node_locations": [
              "us-central1-a",
              "us-central1-c",
              "us-central1-f"
            ],
            "node_pool": [
              {
                "autoscaling": [],
                "initial_node_count": 1,
                "instance_group_urls": [
                  "https://www.googleapis.com/compute/v1/projects/forward-fuze-468106-f4/zones/us-central1-c/instanceGroupManagers/gke-flask-cluster-default-pool-e9ce89fc-grp",
                  "https://www.googleapis.com/compute/v1/projects/forward-fuze-468106-f4/zones/us-central1-a/instanceGroupManagers/gke-flask-cluster-default-pool-a6b7e7a0-grp",
                  "https://www.googleapis.com/compute/v1/projects/forward-fuze-468106-f4/zones/us-central1-f/instanceGroupManagers/gke-flask-cluster-default-pool-efd7e735-grp"
                ],
                "managed_instance_group_urls": [
                  "https://www.googleapis.com/compute/v1/projects/forward-fuze-468106-f4/zones/us-central1-c/instanceGroups/gke-flask-cluster-default-pool-e9ce89fc-grp",
                  "https://www.googleapis.com/compute/v1/projects/forward-fuze-468106-f4/zones/us-central1-a/instanceGroups/gke-flask-cluster-default-pool-a6b7e7a0-grp",
                  "https://www.googleapis.com/compute/v1/projects/forward-fuze-468106-f4/zones/us-central1-f/instanceGroups/gke-flask-cluster-default-pool-efd7e735-grp"
                ],
                "management": [
                  {
                    "auto_repair": true,
                    "auto_upgrade": true
                  }
                ],
                "max_pods_per_node": 110,
                "name": "default-pool",
                "name_prefix": "",
                "network_config": [
                  {
                    "additional_node_network_configs": [],
                    "additional_pod_network_configs": [],
                    "create_pod_range": false,
                    "enable_private_nodes": false,
                    "network_performance_config": [],
                    "pod_cidr_overprovision_config": [],
                    "pod_ipv4_cidr_block": "10.112.0.0/14",
                    "pod_range": "gke-flask-cluster-pods-f257c91f",
                    "subnetwork": "projects/forward-fuze-468106-f4/regions/us-central1/subnetworks/default"
                  }
                ],
                "node_config": [
                  {
                    "advanced_machine_features": [],
                    "boot_disk": [
                      {
                        "disk_type": "pd-balanced",
                        "provisioned_iops": 0,
                        "provisioned_throughput": 0,
                        "size_gb": 20
                      }
                    ],
                    "boot_disk_kms_key": "",
                    "confidential_nodes": [],
                    "containerd_config": [],
                    "disk_size_gb": 20,
                    "disk_type": "pd-balanced",
                    "effective_taints": [],
                    "enable_confidential_storage": false,
                    "ephemeral_storage_local_ssd_config": [],
                    "fast_socket": [],
                    "flex_start": false,
                    "gcfs_config": [],
                    "guest_accelerator": [],
                    "gvnic": [],
                    "host_maintenance_policy": [],
                    "image_type": "COS_CONTAINERD",
                    "kubelet_config": [
                      {
                        "allowed_unsafe_sysctls": [],
                        "container_log_max_files": 0,
                        "container_log_max_size": "",
                        "cpu_cfs_quota": false,
                        "cpu_cfs_quota_period": "",
                        "cpu_manager_policy": "",
                        "eviction_max_pod_grace_period_seconds": 0,
                        "eviction_minimum_reclaim": [],
                        "eviction_soft": [],
                        "eviction_soft_grace_period": [],
                        "image_gc_high_threshold_percent": 0,
                        "image_gc_low_threshold_percent": 0,
                        "image_maximum_gc_age": "",
                        "image_minimum_gc_age": "",
                        "insecure_kubelet_readonly_port_enabled": "FALSE",
                        "max_parallel_image_pulls": 2,
                        "pod_pids_limit": 0,
                        "single_process_oom_kill": false
                      }
                    ],
                    "labels": {},
                    "linux_node_config": [],
                    "local_nvme_ssd_block_config": [],
                    "local_ssd_count": 0,
                    "local_ssd_encryption_mode": "",
                    "logging_variant": "DEFAULT",
                    "machine_type": "e2-medium",
                    "max_run_duration": "",
                    "metadata": {
                      "disable-legacy-endpoints": "true"
                    },
                    "min_cpu_platform": "",
                    "node_group": "",
                    "oauth_scopes": [
                      "https://www.googleapis.com/auth/devstorage.read_only",
                      "https://www.googleapis.com/auth/logging.write",
                      "https://www.googleapis.com/auth/monitoring",
                      "https://www.googleapis.com/auth/service.management.readonly",
                      "https://www.googleapis.com/auth/servicecontrol",
                      "https://www.googleapis.com/auth/trace.append"
                    ],
                    "preemptible": false,
                    "reservation_affinity": [],
                    "resource_labels": {
                      "goog-gke-node-pool-provisioning-model": "on-demand"
                    },
                    "resource_manager_tags": {},
                    "secondary_boot_disks": [],
                    "service_account": "default",
                    "shielded_instance_config": [
                      {
                        "enable_integrity_monitoring": true,
                        "enable_secure_boot": false
                      }
                    ],
                    "sole_tenant_config": [],
                    "spot": false,
                    "storage_pools": [],
                    "tags": [],
                    "taint": [],
                    "windows_node_config": [
                      {
                        "osversion": ""
                      }
                    ],
                    "workload_metadata_config": []
                  }
                ],
                "node_count": 1,
                "node_locations": [
                  "us-central1-a",
                  "us-central1-c",
                  "us-central1-f"
                ],
                "placement_policy": [],
                "queued_provisioning": [],
                "upgrade_settings": [
                  {
                    "blue_green_settings": [],
                    "max_surge": 1,
                    "max_unavailable": 0,
                    "strategy": "SURGE"
                  }
                ],
                "version": "1.33.2-gke.1240000"
              }
            ],
            "node_pool_auto_config": [
              {
                "linux_node_config": [],
                "network_tags": [],
                "node_kubelet_config": [
                  {
                    "insecure_kubelet_readonly_port_enabled": "FALSE"
                  }
                ],
                "resource_manager_tags": {}
              }
            ],
            "node_pool_defaults": [
              {
                "node_config_defaults": [
                  {
                    "containerd_config": [],
                    "gcfs_config": [],
                    "insecure_kubelet_readonly_port_enabled": "FALSE",
                    "logging_variant": "DEFAULT"
                  }
                ]
              }
            ],
            "node_version": "1.33.2-gke.1240000",
            "notification_config": [
              {
                "pubsub": [
                  {
                    "enabled": false,
                    "filter": [],
                    "topic": ""
                  }
                ]
              }
            ],
            "operation": null,
            "pod_autoscaling": [
              {
                "hpa_profile": "HPA_PROFILE_UNSPECIFIED"
              }
            ],
            "private_cluster_config": [
              {
                "enable_private_endpoint": false,
                "enable_private_nodes": false,
                "master_global_access_config": [
                  {
                    "enabled": false
                  }
                ],
                "master_ipv4_cidr_block": "",
                "peering_name": "",
                "private_endpoint": "10.128.0.10",
                "private_endpoint_subnetwork": "",
                "public_endpoint": "34.55.248.162"
              }
            ],
            "private_ipv6_google_access": "",
            "project": "forward-fuze-468106-f4",
            "rbac_binding_config": [
              {
                "enable_insecure_binding_system_authenticated": true,
                "enable_insecure_binding_system_unauthenticated": true
              }
            ],
            "release_channel": [
              {
                "channel": "REGULAR"
              }
            ],
            "remove_default_node_pool": null,
            "resource_labels": null,
            "resource_usage_export_config": [],
            "secret_manager_config": [
              {
                "enabled": false
              }
            ],
            "security_posture_config": [
              {
                "mode": "BASIC",
                "vulnerability_mode": "VULNERABILITY_MODE_UNSPECIFIED"
              }
            ],
            "self_link": "https://container.googleapis.com/v1/projects/forward-fuze-468106-f4/locations/us-central1/clusters/flask-cluster",
            "service_external_ips_config": [
              {
                "enabled": false
              }
            ],
            "services_ipv4_cidr": "34.118.224.0/20",
            "subnetwork": "projects/forward-fuze-468106-f4/regions/us-central1/subnetworks/default",
            "terraform_labels": {
              "goog-terraform-provisioned": "true"
            },
            "timeouts": null,
            "tpu_ipv4_cidr_block": "",
            "user_managed_keys_config": [],
            "vertical_pod_autoscaling": [],
            "workload_identity_config": []
          },
          "sensitive_attributes": [
            [
              {
                "type": "get_attr",
                "value": "master_auth"
              },
              {
                "type": "index",
                "value": {
                  "value": 0,
                  "type": "number"
                }
              },
              {
                "type": "get_attr",
                "value": "client_key"
              }
            ]
          ],
          "identity_schema_version": 0,
          "private": "eyJlMmJmYjczMC1lY2FhLTExZTYtOGY4OC0zNDM2M2JjN2M0YzAiOnsiY3JlYXRlIjoyNDAwMDAwMDAwMDAwLCJkZWxldGUiOjI0MDAwMDAwMDAwMDAsInJlYWQiOjI0MDAwMDAwMDAwMDAsInVwZGF0ZSI6MzYwMDAwMDAwMDAwMH0sInNjaGVtYV92ZXJzaW9uIjoiMiJ9"
        }
      ]
    }
  ],
  "check_results": null
}
