{
  "version": 4,
  "terraform_version": "1.13.1",
  "serial": 10,
  "lineage": "c0473a4e-5984-2184-123b-161a89f2f2a2",
  "outputs": {
    "kubernetes_cluster_endpoint": {
      "value": "34.123.58.128",
      "type": "string"
    },
    "kubernetes_cluster_name": {
      "value": "flask-cluster",
      "type": "string"
    }
  },
  "resources": [
    {
      "mode": "data",
      "type": "google_client_config",
      "name": "default",
      "provider": "provider[\"registry.terraform.io/hashicorp/google\"]",
      "instances": [
        {
          "schema_version": 0,
          "attributes": {
            "access_token": "ya29.c.c0ASRK0Gb6nmN8VQcJbPPNpYBGmZHc1av-oNSuieb3Ssf9BtZJCcey69tZUmTUZEkcHFTA63d8CIc1ACoyMj9yvZDSegg_SOmjS4DuHdXAvX5K8u9U6YP9uIJrB8GSNenK4Muac0egTZ4_WqrI2XSJrtnIs8aC8RhxKQAJNorlhUfIvno77C8YuvF3e04eTjdCr31STUyGN61H3v8-tecRWg93DITSru67pYtgP_XUgstV28XvphgI7opLV9LsNIrjz33xzsHFKHK-lbOF80RwTPi7waf6YsQCWPt-S_hXUUJa_KinxF8ekDb8VKsLvu_gev6ciEfMIQFVbMD-ioskJ4PiA-89cg8_SWS5sQ5sxOiKU0yn6RZ1MZFqT385DFml29UwItbI5_QhhpwcV5t1-24XpVJFglnqFdwMX4bnQc-0sf89bztp9JQY6ZrntrU8fz-zgtQOl3VVat2mfxpfSBSu2puguch15sRjSz3pB0oI0uMUXhRcW8b5XO7vcJoRpJO0ulwwbeVpQiM55u-U-XcdcvcJ-_FlbXg789O7OZ1XQ4d36vzUoZJZOvUctlWh1mjaRl2ft9pQlX7r_tRludV0Vd2YU-JXfMramYZgXWJ_42umWgVsR9nO9YVy4nqF5S89em-eRYnqWdueWwndw5Jsk733b00qSjjJyy_Orj5kMfMdyBx_x54VcYfi79yR6QUYypIhI8IzMwh5Qyqx90BU4pUnZfvsvZ7R7d3uRSUcJc7pbaSVk7ng2b4njFhXqhru5R052j9p0I09cJyB3-izJFU4Jr0bkzvB_3zw1ag9nn-dmhlVRZ7wm20hYgr04dSqROtnwvb9F8VZhmtIkdbknB8JyUJV2lWmdJ9lIBpq3lQYVe9ukY7Igt2VY_d_iSUIxQSoJ271ZB2ul4WFIf6no5Vm2U_03uplcrUutxv1n_x-yU06F9JZQ10XzyJQmo1xoWw9tBwI5Wl1ekXy5dyWxY8sxZ2n-5Qq6rJaSfYySZnYp81890i",
            "default_labels": {},
            "id": "projects/forward-fuze-468106-f4/regions/us-central1/zones/us-central1-a",
            "project": "forward-fuze-468106-f4",
            "region": "us-central1",
            "zone": "us-central1-a"
          },
          "sensitive_attributes": [
            [
              {
                "type": "get_attr",
                "value": "access_token"
              }
            ]
          ],
          "identity_schema_version": 0
        }
      ]
    },
    {
      "mode": "managed",
      "type": "google_container_cluster",
      "name": "flask-cluster",
      "provider": "provider[\"registry.terraform.io/hashicorp/google\"]",
      "instances": [
        {
          "schema_version": 2,
          "attributes": {
            "addons_config": [
              {
                "cloudrun_config": [],
                "config_connector_config": [],
                "dns_cache_config": [],
                "gce_persistent_disk_csi_driver_config": [
                  {
                    "enabled": true
                  }
                ],
                "gcp_filestore_csi_driver_config": [],
                "gcs_fuse_csi_driver_config": [],
                "gke_backup_agent_config": [],
                "horizontal_pod_autoscaling": [],
                "http_load_balancing": [],
                "lustre_csi_driver_config": [],
                "network_policy_config": [
                  {
                    "disabled": true
                  }
                ],
                "parallelstore_csi_driver_config": [],
                "ray_operator_config": [],
                "stateful_ha_config": []
              }
            ],
            "allow_net_admin": null,
            "anonymous_authentication_config": [
              {
                "mode": "ENABLED"
              }
            ],
            "authenticator_groups_config": [],
            "binary_authorization": [
              {
                "enabled": false,
                "evaluation_mode": ""
              }
            ],
            "cluster_autoscaling": [
              {
                "auto_provisioning_defaults": [],
                "auto_provisioning_locations": [],
                "autoscaling_profile": "BALANCED",
                "default_compute_class_enabled": false,
                "enabled": false,
                "resource_limits": []
              }
            ],
            "cluster_ipv4_cidr": "10.100.0.0/14",
            "confidential_nodes": [],
            "control_plane_endpoints_config": [
              {
                "dns_endpoint_config": [
                  {
                    "allow_external_traffic": false,
                    "endpoint": "gke-31a3ba3a50b744a19ce6ad422521f910c2a1-1062056922209.us-central1.gke.goog"
                  }
                ],
                "ip_endpoints_config": [
                  {
                    "enabled": true
                  }
                ]
              }
            ],
            "cost_management_config": [],
            "database_encryption": [
              {
                "key_name": "",
                "state": "DECRYPTED"
              }
            ],
            "datapath_provider": "",
            "default_max_pods_per_node": 110,
            "default_snat_status": [
              {
                "disabled": false
              }
            ],
            "deletion_protection": true,
            "description": "",
            "disable_l4_lb_firewall_reconciliation": false,
            "dns_config": [],
            "effective_labels": {
              "goog-terraform-provisioned": "true"
            },
            "enable_autopilot": false,
            "enable_cilium_clusterwide_network_policy": false,
            "enable_fqdn_network_policy": false,
            "enable_intranode_visibility": false,
            "enable_k8s_beta_apis": [],
            "enable_kubernetes_alpha": false,
            "enable_l4_ilb_subsetting": false,
            "enable_legacy_abac": false,
            "enable_multi_networking": false,
            "enable_shielded_nodes": true,
            "enable_tpu": false,
            "endpoint": "34.123.58.128",
            "enterprise_config": [
              {
                "cluster_tier": "STANDARD",
                "desired_tier": ""
              }
            ],
            "fleet": [],
            "gateway_api_config": [],
            "gke_auto_upgrade_config": [],
            "id": "projects/forward-fuze-468106-f4/locations/us-central1/clusters/flask-cluster",
            "identity_service_config": [],
            "in_transit_encryption_config": "",
            "initial_node_count": 1,
            "ip_allocation_policy": [
              {
                "additional_ip_ranges_config": [],
                "additional_pod_ranges_config": [],
                "cluster_ipv4_cidr_block": "10.100.0.0/14",
                "cluster_secondary_range_name": "gke-flask-cluster-pods-31a3ba3a",
                "pod_cidr_overprovision_config": [
                  {
                    "disabled": false
                  }
                ],
                "services_ipv4_cidr_block": "34.118.224.0/20",
                "services_secondary_range_name": "",
                "stack_type": "IPV4"
              }
            ],
            "label_fingerprint": "78cdf2f6",
            "location": "us-central1",
            "logging_config": [
              {
                "enable_components": [
                  "SYSTEM_COMPONENTS",
                  "WORKLOADS"
                ]
              }
            ],
            "logging_service": "logging.googleapis.com/kubernetes",
            "maintenance_policy": [],
            "master_auth": [
              {
                "client_certificate": "",
                "client_certificate_config": [
                  {
                    "issue_client_certificate": false
                  }
                ],
                "client_key": "",
                "cluster_ca_certificate": "LS0tLS1CRUdJTiBDRVJUSUZJQ0FURS0tLS0tCk1JSUVMRENDQXBTZ0F3SUJBZ0lRYVU2QUNOOXl3c1g0OVQrazROcmlYekFOQmdrcWhraUc5dzBCQVFzRkFEQXYKTVMwd0t3WURWUVFERXlRM05EQmxNV0ZtWVMwMllXRTNMVFEyWkRjdFlUa3pOUzFoTXpkaVpqTmhOMkUxTVRJdwpJQmNOTWpVd09UQXhNRFF3TlRVeVdoZ1BNakExTlRBNE1qVXdOVEExTlRKYU1DOHhMVEFyQmdOVkJBTVRKRGMwCk1HVXhZV1poTFRaaFlUY3RORFprTnkxaE9UTTFMV0V6TjJKbU0yRTNZVFV4TWpDQ0FhSXdEUVlKS29aSWh2Y04KQVFFQkJRQURnZ0dQQURDQ0FZb0NnZ0dCQU9LNkdhLzc5ZksrVEVCZE9UK1BzdWFnZlFwY2NodWR4ajhVMm5lYgpBVy9reHMwT2VGM3pPT2hLOXNHSmZ1L1FBeXkyV09lejlmcFFKRlMzdjVnb1ptSUsyL1llNHpWTXY4RGt6dysxCmxodWllcGdhUm13Y2t3V1k4cDVIemF2cXNkRUlwRE9ldlQvUnJkZzdhVyswNy9NQUt2dy94WDNmOWhTVlFNaXcKcERuem9NRWRwYldhZGJBdDVqSnNJUmVYZXhNVStqT3lDS3J3ZFBueHBDNVJ1d3JpVVY3QW9TT0FPSTk0d2lULwpsZXlMbkd3VXJqWjcwOUltWHFDelR1QTVTdjZwZkhSZTdzQ0FZRVZ2VVl3TW05MkZ3TjBLcWFYWjB0eUlMaVVICmloTktKK2t0S3N5bUM3T0dtZWViYndMbXR2c3loRE1lSHV0SDVZN1E3RVI3Q3cveWpweXdPNHlkL0VvQnRFdUgKTHZaUUx3L2Qyd2YzRXJOZnpTS1dMYk5yNWtORVV0a3BNUEhhZHdXYkNuUWtUd3hwandsLzBNTERUbklkNVFMbwpLRjQ1QndseWNWRmtIWHp5dnBVd3N5ODVXR0dhai9iaktzdlBac0xybnA3MEFodHltN2hhM3loM0RPWkZNZXRFCmNULyt3RlZOaWFmb1NQRHk5dmY1eTRsRkF3SURBUUFCbzBJd1FEQU9CZ05WSFE4QkFmOEVCQU1DQWdRd0R3WUQKVlIwVEFRSC9CQVV3QXdFQi96QWRCZ05WSFE0RUZnUVV5c0NoN1JaNDhwRGtJbnhGMTErazF6Q0hNcDB3RFFZSgpLb1pJaHZjTkFRRUxCUUFEZ2dHQkFCS0E1V0FicHdla2pmR3NSbFQwTWJDanJPamdtR1FkU29Kc3J1NWgrSGV5CjNYZTlXd2RuKzJuMDJGbk55YzY1aTZmMk5pUFl5OXJGMitlY0k3MjJPeGdmdk9OMmoyY0M5RE8veXZKYS9HMzQKMzFzWlkxYWIyT2Y2ZTgwVVQ1K0EvNGlzSWhDU1JEd0l3ZmUrMWczUTd5anBjRy9kdmMzOHY1bzArMm12ZjlWdAorazg3aTBSRkU1U2dqUGFKdVFiVERKdHZURk5xK3NCOTJZVEhkQ0VtVjFPUW43bzNCR1ExRkNyK2JRSmhFb2FGCmQxVTNHdGxMV1Z0MFdDNnNVcldCSkl0TXM2cFl0M01SU244MC94YXFrRkhRallsbTNpU2thRXU2VWFIUEhvbVAKVXE4czRYUXgrbTNqMGhtWkVYbVUwOUQzeGIrSVZsRDVnempaOWx5V3VUVTlZQXZHTkFDczZVdll2bldoRW5yMQovWXZDTWdNdXdGcUdaUGFXUVFNWlF0UzFYR09QaG1uT21WaE9kdm5VeDBTbXV1a3EvOWlwTXgwTlArQWwwNHM2Ci82alU2MzBOMEVYdUlHdWVZNzRHUDF0YlEyU0I1MFVNTXZZRDJISDZvQStGaWdjSCtyY0VVNEZqdUpNdVNnOXkKOVBTejkrV01iUWZOZDJGeGtjZ3d3Zz09Ci0tLS0tRU5EIENFUlRJRklDQVRFLS0tLS0K"
              }
            ],
            "master_authorized_networks_config": [],
            "master_version": "1.33.3-gke.1136000",
            "mesh_certificates": [],
            "min_master_version": null,
            "monitoring_config": [
              {
                "advanced_datapath_observability_config": [
                  {
                    "enable_metrics": false,
                    "enable_relay": false
                  }
                ],
                "enable_components": [
                  "SYSTEM_COMPONENTS",
                  "POD",
                  "DAEMONSET",
                  "DEPLOYMENT",
                  "STATEFULSET",
                  "JOBSET",
                  "STORAGE",
                  "HPA",
                  "CADVISOR",
                  "KUBELET",
                  "DCGM"
                ],
                "managed_prometheus": [
                  {
                    "auto_monitoring_config": [],
                    "enabled": true
                  }
                ]
              }
            ],
            "monitoring_service": "monitoring.googleapis.com/kubernetes",
            "name": "flask-cluster",
            "network": "projects/forward-fuze-468106-f4/global/networks/default",
            "network_performance_config": [],
            "network_policy": [
              {
                "enabled": false,
                "provider": "PROVIDER_UNSPECIFIED"
              }
            ],
            "networking_mode": "VPC_NATIVE",
            "node_config": [
              {
                "advanced_machine_features": [],
                "boot_disk": [
                  {
                    "disk_type": "pd-balanced",
                    "provisioned_iops": 0,
                    "provisioned_throughput": 0,
                    "size_gb": 20
                  }
                ],
                "boot_disk_kms_key": "",
                "confidential_nodes": [],
                "containerd_config": [],
                "disk_size_gb": 20,
                "disk_type": "pd-balanced",
                "effective_taints": [],
                "enable_confidential_storage": false,
                "ephemeral_storage_local_ssd_config": [],
                "fast_socket": [],
                "flex_start": false,
                "gcfs_config": [],
                "guest_accelerator": [],
                "gvnic": [],
                "host_maintenance_policy": [],
                "image_type": "COS_CONTAINERD",
                "kubelet_config": [
                  {
                    "allowed_unsafe_sysctls": [],
                    "container_log_max_files": 0,
                    "container_log_max_size": "",
                    "cpu_cfs_quota": false,
                    "cpu_cfs_quota_period": "",
                    "cpu_manager_policy": "",
                    "eviction_max_pod_grace_period_seconds": 0,
                    "eviction_minimum_reclaim": [],
                    "eviction_soft": [],
                    "eviction_soft_grace_period": [],
                    "image_gc_high_threshold_percent": 0,
                    "image_gc_low_threshold_percent": 0,
                    "image_maximum_gc_age": "",
                    "image_minimum_gc_age": "",
                    "insecure_kubelet_readonly_port_enabled": "FALSE",
                    "max_parallel_image_pulls": 2,
                    "pod_pids_limit": 0,
                    "single_process_oom_kill": false
                  }
                ],
                "labels": {},
                "linux_node_config": [],
                "local_nvme_ssd_block_config": [],
                "local_ssd_count": 0,
                "local_ssd_encryption_mode": "",
                "logging_variant": "DEFAULT",
                "machine_type": "e2-medium",
                "max_run_duration": "",
                "metadata": {
                  "disable-legacy-endpoints": "true"
                },
                "min_cpu_platform": "",
                "node_group": "",
                "oauth_scopes": [
                  "https://www.googleapis.com/auth/devstorage.read_only",
                  "https://www.googleapis.com/auth/logging.write",
                  "https://www.googleapis.com/auth/monitoring",
                  "https://www.googleapis.com/auth/service.management.readonly",
                  "https://www.googleapis.com/auth/servicecontrol",
                  "https://www.googleapis.com/auth/trace.append"
                ],
                "preemptible": false,
                "reservation_affinity": [],
                "resource_labels": {
                  "goog-gke-node-pool-provisioning-model": "on-demand"
                },
                "resource_manager_tags": null,
                "secondary_boot_disks": [],
                "service_account": "default",
                "shielded_instance_config": [
                  {
                    "enable_integrity_monitoring": true,
                    "enable_secure_boot": false
                  }
                ],
                "sole_tenant_config": [],
                "spot": false,
                "storage_pools": null,
                "tags": null,
                "taint": [],
                "windows_node_config": [
                  {
                    "osversion": ""
                  }
                ],
                "workload_metadata_config": []
              }
            ],
            "node_locations": [
              "us-central1-b",
              "us-central1-c",
              "us-central1-f"
            ],
            "node_pool": [
              {
                "autoscaling": [],
                "initial_node_count": 1,
                "instance_group_urls": [
                  "https://www.googleapis.com/compute/v1/projects/forward-fuze-468106-f4/zones/us-central1-c/instanceGroupManagers/gke-flask-cluster-default-pool-20bf433b-grp",
                  "https://www.googleapis.com/compute/v1/projects/forward-fuze-468106-f4/zones/us-central1-b/instanceGroupManagers/gke-flask-cluster-default-pool-91e0e46d-grp",
                  "https://www.googleapis.com/compute/v1/projects/forward-fuze-468106-f4/zones/us-central1-f/instanceGroupManagers/gke-flask-cluster-default-pool-6d46d540-grp"
                ],
                "managed_instance_group_urls": [
                  "https://www.googleapis.com/compute/v1/projects/forward-fuze-468106-f4/zones/us-central1-c/instanceGroups/gke-flask-cluster-default-pool-20bf433b-grp",
                  "https://www.googleapis.com/compute/v1/projects/forward-fuze-468106-f4/zones/us-central1-b/instanceGroups/gke-flask-cluster-default-pool-91e0e46d-grp",
                  "https://www.googleapis.com/compute/v1/projects/forward-fuze-468106-f4/zones/us-central1-f/instanceGroups/gke-flask-cluster-default-pool-6d46d540-grp"
                ],
                "management": [
                  {
                    "auto_repair": true,
                    "auto_upgrade": true
                  }
                ],
                "max_pods_per_node": 110,
                "name": "default-pool",
                "name_prefix": "",
                "network_config": [
                  {
                    "additional_node_network_configs": [],
                    "additional_pod_network_configs": [],
                    "create_pod_range": false,
                    "enable_private_nodes": false,
                    "network_performance_config": [],
                    "pod_cidr_overprovision_config": [],
                    "pod_ipv4_cidr_block": "10.100.0.0/14",
                    "pod_range": "gke-flask-cluster-pods-31a3ba3a",
                    "subnetwork": "projects/forward-fuze-468106-f4/regions/us-central1/subnetworks/default"
                  }
                ],
                "node_config": [
                  {
                    "advanced_machine_features": [],
                    "boot_disk": [
                      {
                        "disk_type": "pd-balanced",
                        "provisioned_iops": 0,
                        "provisioned_throughput": 0,
                        "size_gb": 20
                      }
                    ],
                    "boot_disk_kms_key": "",
                    "confidential_nodes": [],
                    "containerd_config": [],
                    "disk_size_gb": 20,
                    "disk_type": "pd-balanced",
                    "effective_taints": [],
                    "enable_confidential_storage": false,
                    "ephemeral_storage_local_ssd_config": [],
                    "fast_socket": [],
                    "flex_start": false,
                    "gcfs_config": [],
                    "guest_accelerator": [],
                    "gvnic": [],
                    "host_maintenance_policy": [],
                    "image_type": "COS_CONTAINERD",
                    "kubelet_config": [
                      {
                        "allowed_unsafe_sysctls": [],
                        "container_log_max_files": 0,
                        "container_log_max_size": "",
                        "cpu_cfs_quota": false,
                        "cpu_cfs_quota_period": "",
                        "cpu_manager_policy": "",
                        "eviction_max_pod_grace_period_seconds": 0,
                        "eviction_minimum_reclaim": [],
                        "eviction_soft": [],
                        "eviction_soft_grace_period": [],
                        "image_gc_high_threshold_percent": 0,
                        "image_gc_low_threshold_percent": 0,
                        "image_maximum_gc_age": "",
                        "image_minimum_gc_age": "",
                        "insecure_kubelet_readonly_port_enabled": "FALSE",
                        "max_parallel_image_pulls": 2,
                        "pod_pids_limit": 0,
                        "single_process_oom_kill": false
                      }
                    ],
                    "labels": {},
                    "linux_node_config": [],
                    "local_nvme_ssd_block_config": [],
                    "local_ssd_count": 0,
                    "local_ssd_encryption_mode": "",
                    "logging_variant": "DEFAULT",
                    "machine_type": "e2-medium",
                    "max_run_duration": "",
                    "metadata": {
                      "disable-legacy-endpoints": "true"
                    },
                    "min_cpu_platform": "",
                    "node_group": "",
                    "oauth_scopes": [
                      "https://www.googleapis.com/auth/devstorage.read_only",
                      "https://www.googleapis.com/auth/logging.write",
                      "https://www.googleapis.com/auth/monitoring",
                      "https://www.googleapis.com/auth/service.management.readonly",
                      "https://www.googleapis.com/auth/servicecontrol",
                      "https://www.googleapis.com/auth/trace.append"
                    ],
                    "preemptible": false,
                    "reservation_affinity": [],
                    "resource_labels": {
                      "goog-gke-node-pool-provisioning-model": "on-demand"
                    },
                    "resource_manager_tags": {},
                    "secondary_boot_disks": [],
                    "service_account": "default",
                    "shielded_instance_config": [
                      {
                        "enable_integrity_monitoring": true,
                        "enable_secure_boot": false
                      }
                    ],
                    "sole_tenant_config": [],
                    "spot": false,
                    "storage_pools": [],
                    "tags": [],
                    "taint": [],
                    "windows_node_config": [
                      {
                        "osversion": ""
                      }
                    ],
                    "workload_metadata_config": []
                  }
                ],
                "node_count": 1,
                "node_locations": [
                  "us-central1-b",
                  "us-central1-c",
                  "us-central1-f"
                ],
                "placement_policy": [],
                "queued_provisioning": [],
                "upgrade_settings": [
                  {
                    "blue_green_settings": [],
                    "max_surge": 1,
                    "max_unavailable": 0,
                    "strategy": "SURGE"
                  }
                ],
                "version": "1.33.3-gke.1136000"
              }
            ],
            "node_pool_auto_config": [
              {
                "linux_node_config": [],
                "network_tags": [],
                "node_kubelet_config": [
                  {
                    "insecure_kubelet_readonly_port_enabled": "FALSE"
                  }
                ],
                "resource_manager_tags": {}
              }
            ],
            "node_pool_defaults": [
              {
                "node_config_defaults": [
                  {
                    "containerd_config": [],
                    "gcfs_config": [],
                    "insecure_kubelet_readonly_port_enabled": "FALSE",
                    "logging_variant": "DEFAULT"
                  }
                ]
              }
            ],
            "node_version": "1.33.3-gke.1136000",
            "notification_config": [
              {
                "pubsub": [
                  {
                    "enabled": false,
                    "filter": [],
                    "topic": ""
                  }
                ]
              }
            ],
            "operation": null,
            "pod_autoscaling": [
              {
                "hpa_profile": "HPA_PROFILE_UNSPECIFIED"
              }
            ],
            "private_cluster_config": [
              {
                "enable_private_endpoint": false,
                "enable_private_nodes": false,
                "master_global_access_config": [
                  {
                    "enabled": false
                  }
                ],
                "master_ipv4_cidr_block": "",
                "peering_name": "",
                "private_endpoint": "10.128.0.14",
                "private_endpoint_subnetwork": "",
                "public_endpoint": "34.123.58.128"
              }
            ],
            "private_ipv6_google_access": "",
            "project": "forward-fuze-468106-f4",
            "rbac_binding_config": [
              {
                "enable_insecure_binding_system_authenticated": true,
                "enable_insecure_binding_system_unauthenticated": true
              }
            ],
            "release_channel": [
              {
                "channel": "REGULAR"
              }
            ],
            "remove_default_node_pool": null,
            "resource_labels": null,
            "resource_usage_export_config": [],
            "secret_manager_config": [
              {
                "enabled": false
              }
            ],
            "security_posture_config": [
              {
                "mode": "BASIC",
                "vulnerability_mode": "VULNERABILITY_MODE_UNSPECIFIED"
              }
            ],
            "self_link": "https://container.googleapis.com/v1/projects/forward-fuze-468106-f4/locations/us-central1/clusters/flask-cluster",
            "service_external_ips_config": [
              {
                "enabled": false
              }
            ],
            "services_ipv4_cidr": "34.118.224.0/20",
            "subnetwork": "projects/forward-fuze-468106-f4/regions/us-central1/subnetworks/default",
            "terraform_labels": {
              "goog-terraform-provisioned": "true"
            },
            "timeouts": null,
            "tpu_ipv4_cidr_block": "",
            "user_managed_keys_config": [],
            "vertical_pod_autoscaling": [],
            "workload_identity_config": []
          },
          "sensitive_attributes": [
            [
              {
                "type": "get_attr",
                "value": "master_auth"
              },
              {
                "type": "index",
                "value": {
                  "value": 0,
                  "type": "number"
                }
              },
              {
                "type": "get_attr",
                "value": "client_key"
              }
            ]
          ],
          "identity_schema_version": 0,
          "private": "eyJlMmJmYjczMC1lY2FhLTExZTYtOGY4OC0zNDM2M2JjN2M0YzAiOnsiY3JlYXRlIjoyNDAwMDAwMDAwMDAwLCJkZWxldGUiOjI0MDAwMDAwMDAwMDAsInJlYWQiOjI0MDAwMDAwMDAwMDAsInVwZGF0ZSI6MzYwMDAwMDAwMDAwMH0sInNjaGVtYV92ZXJzaW9uIjoiMiJ9"
        }
      ]
    }
  ],
  "check_results": null
}
